
Microsoft Visual Studio Solution File, Format Version 12.00
# Visual Studio 15
VisualStudioVersion = 15.0.28307.271
MinimumVisualStudioVersion = 10.0.40219.1
Project("{FAE04EC0-301F-11D3-BF4B-00C04F79EFBC}") = "Printech_Project", "Printech_Project\Printech_Project.csproj", "{02309D2E-1C91-40B2-9B0C-413247986B2A}"
EndProject
Project("{2150E333-8FDC-42A3-9474-1A3956D46DE8}") = "Solution Items", "Solution Items", "{7F2FA75F-751F-4C17-AB9C-F2420BAD9482}"
EndProject
Global
	GlobalSection(SolutionConfigurationPlatforms) = preSolution
		Debug|Any CPU = Debug|Any CPU
		Release|Any CPU = Release|Any CPU
	EndGlobalSection
	GlobalSection(ProjectConfigurationPlatforms) = postSolution
		{02309D2E-1C91-40B2-9B0C-413247986B2A}.Debug|Any CPU.ActiveCfg = Debug|Any CPU
		{02309D2E-1C91-40B2-9B0C-413247986B2A}.Debug|Any CPU.Build.0 = Debug|Any CPU
		{02309D2E-1C91-40B2-9B0C-413247986B2A}.Release|Any CPU.ActiveCfg = Release|Any CPU
		{02309D2E-1C91-40B2-9B0C-413247986B2A}.Release|Any CPU.Build.0 = Release|Any CPU
	EndGlobalSection
	GlobalSection(SolutionProperties) = preSolution
		HideSolutionNode = FALSE
	EndGlobalSection
	GlobalSection(ExtensibilityGlobals) = postSolution
		SolutionGuid = {CC941EDD-0356-4316-92F4-D599B2FEA904}
	EndGlobalSection
EndGlobal
